// !$*UTF8*$!
{
	archiveVersion = 1;
	classes = {
	};
	objectVersion = 46;
	objects = {

/* Begin PBXBuildFile section */
		BB2EA8E81C25DDD70031B6A0 /* main.swift in Sources */ = {isa = PBXBuildFile; fileRef = BB2EA8E71C25DDD70031B6A0 /* main.swift */; };
		BBE9A13E1C26AC3C0079E655 /* Contents.swift in Sources */ = {isa = PBXBuildFile; fileRef = BBE9A13D1C26AC3C0079E655 /* Contents.swift */; };
/* End PBXBuildFile section */

/* Begin PBXCopyFilesBuildPhase section */
		BB2EA8E21C25DDD70031B6A0 /* CopyFiles */ = {
			isa = PBXCopyFilesBuildPhase;
			buildActionMask = 2147483647;
			dstPath = /usr/share/man/man1/;
			dstSubfolderSpec = 0;
			files = (
			);
			runOnlyForDeploymentPostprocessing = 1;
		};
/* End PBXCopyFilesBuildPhase section */

/* Begin PBXFileReference section */
		BB2EA8E41C25DDD70031B6A0 /* Cmd */ = {isa = PBXFileReference; explicitFileType = "compiled.mach-o.executable"; includeInIndex = 0; path = Cmd; sourceTree = BUILT_PRODUCTS_DIR; };
		BB2EA8E71C25DDD70031B6A0 /* main.swift */ = {isa = PBXFileReference; lastKnownFileType = sourcecode.swift; path = main.swift; sourceTree = "<group>"; };
		BBE9A13D1C26AC3C0079E655 /* Contents.swift */ = {isa = PBXFileReference; fileEncoding = 4; lastKnownFileType = sourcecode.swift; name = Contents.swift; path = Lisp.playground/Contents.swift; sourceTree = SOURCE_ROOT; };
/* End PBXFileReference section */

/* Begin PBXFrameworksBuildPhase section */
		BB2EA8E11C25DDD70031B6A0 /* Frameworks */ = {
			isa = PBXFrameworksBuildPhase;
			buildActionMask = 2147483647;
			files = (
			);
			runOnlyForDeploymentPostprocessing = 0;
		};
/* End PBXFrameworksBuildPhase section */

/* Begin PBXGroup section */
		BB2EA8DB1C25DDD70031B6A0 = {
			isa = PBXGroup;
			children = (
				BB2EA8E61C25DDD70031B6A0 /* Cmd */,
				BB2EA8E51C25DDD70031B6A0 /* Products */,
			);
			sourceTree = "<group>";
		};
		BB2EA8E51C25DDD70031B6A0 /* Products */ = {
			isa = PBXGroup;
			children = (
				BB2EA8E41C25DDD70031B6A0 /* Cmd */,
			);
			name = Products;
			sourceTree = "<group>";
		};
		BB2EA8E61C25DDD70031B6A0 /* Cmd */ = {
			isa = PBXGroup;
			children = (
				BB2EA8E71C25DDD70031B6A0 /* main.swift */,
				BBE9A13D1C26AC3C0079E655 /* Contents.swift */,
			);
			path = Cmd;
			sourceTree = "<group>";
		};
/* End PBXGroup section */

/* Begin PBXNativeTarget section */
		BB2EA8E31C25DDD70031B6A0 /* Cmd */ = {
			isa = PBXNativeTarget;
			buildConfigurationList = BB2EA8EB1C25DDD70031B6A0 /* Build configuration list for PBXNativeTarget "Cmd" */;
			buildPhases = (
				BB2EA8E01C25DDD70031B6A0 /* Sources */,
				BB2EA8E11C25DDD70031B6A0 /* Frameworks */,
				BB2EA8E21C25DDD70031B6A0 /* CopyFiles */,
			);
			buildRules = (
			);
			dependencies = (
			);
			name = Cmd;
			productName = Cmd;
			productReference = BB2EA8E41C25DDD70031B6A0 /* Cmd */;
			productType = "com.apple.product-type.tool";
		};
/* End PBXNativeTarget section */

/* Begin PBXProject section */
		BB2EA8DC1C25DDD70031B6A0 /* Project object */ = {
			isa = PBXProject;
			attributes = {
				LastSwiftUpdateCheck = 0710;
				LastUpgradeCheck = 0710;
				ORGANIZATIONNAME = "Samhan Salahuddin";
				TargetAttributes = {
					BB2EA8E31C25DDD70031B6A0 = {
						CreatedOnToolsVersion = 7.1;
					};
				};
			};
			buildConfigurationList = BB2EA8DF1C25DDD70031B6A0 /* Build configuration list for PBXProject "Cmd" */;
			compatibilityVersion = "Xcode 3.2";
			developmentRegion = English;
			hasScannedForEncodings = 0;
			knownRegions = (
				en,
			);
			mainGroup = BB2EA8DB1C25DDD70031B6A0;
			productRefGroup = BB2EA8E51C25DDD70031B6A0 /* Products */;
			projectDirPath = "";
			projectRoot = "";
			targets = (
				BB2EA8E31C25DDD70031B6A0 /* Cmd */,
			);
		};
/* End PBXProject section */

/* Begin PBXSourcesBuildPhase section */
		BB2EA8E01C25DDD70031B6A0 /* Sources */ = {
			isa = PBXSourcesBuildPhase;
			buildActionMask = 2147483647;
			files = (
				BB2EA8E81C25DDD70031B6A0 /* main.swift in Sources */,
				BBE9A13E1C26AC3C0079E655 /* Contents.swift in Sources */,
			);
			runOnlyForDeploymentPostprocessing = 0;
		};
/* End PBXSourcesBuildPhase section */

/* Begin XCBuildConfiguration section */
		BB2EA8E91C25DDD70031B6A0 /* Debug */ = {
			isa = XCBuildConfiguration;
			buildSettings = {
				ALWAYS_SEARCH_USER_PATHS = NO;
				CLANG_CXX_LANGUAGE_STANDARD = "gnu++0x";
				CLANG_CXX_LIBRARY = "libc++";
				CLANG_ENABLE_MODULES = YES;
				CLANG_ENABLE_OBJC_ARC = YES;
				CLANG_WARN_BOOL_CONVERSION = YES;
				CLANG_WARN_CONSTANT_CONVERSION = YES;
				CLANG_WARN_DIRECT_OBJC_ISA_USAGE = YES_ERROR;
				CLANG_WARN_EMPTY_BODY = YES;
				CLANG_WARN_ENUM_CONVERSION = YES;
				CLANG_WARN_INT_CONVERSION = YES;
				CLANG_WARN_OBJC_ROOT_CLASS = YES_ERROR;
				CLANG_WARN_UNREACHABLE_CODE = YES;
				CLANG_WARN__DUPLICATE_METHOD_MATCH = YES;
				CODE_SIGN_IDENTITY = "-";
				COPY_PHASE_STRIP = NO;
				DEBUG_INFORMATION_FORMAT = dwarf;
				ENABLE_STRICT_OBJC_MSGSEND = YES;
				ENABLE_TESTABILITY = YES;
				GCC_C_LANGUAGE_STANDARD = gnu99;
				GCC_DYNAMIC_NO_PIC = NO;
				GCC_NO_COMMON_BLOCKS = YES;
				GCC_OPTIMIZATION_LEVEL = 0;
				GCC_PREPROCESSOR_DEFINITIONS = (
					"DEBUG=1",
					"$(inherited)",
				);
				GCC_WARN_64_TO_32_BIT_CONVERSION = YES;
				GCC_WARN_ABOUT_RETURN_TYPE = YES_ERROR;
				GCC_WARN_UNDECLARED_SELECTOR = YES;
				GCC_WARN_UNINITIALIZED_AUTOS = YES_AGGRESSIVE;
				GCC_WARN_UNUSED_FUNCTION = YES;
				GCC_WARN_UNUSED_VARIABLE = YES;
				MACOSX_DEPLOYMENT_TARGET = 10.11;
				MTL_ENABLE_DEBUG_INFO = YES;
				ONLY_ACTIVE_ARCH = YES;
				SDKROOT = macosx;
				SWIFT_OPTIMIZATION_LEVEL = "-Onone";
			};
			name = Debug;
		};
		BB2EA8EA1C25DDD70031B6A0 /* Release */ = {
			isa = XCBuildConfiguration;
			buildSettings = {
				ALWAYS_SEARCH_USER_PATHS = NO;
				CLANG_CXX_LANGUAGE_STANDARD = "gnu++0x";
				CLANG_CXX_LIBRARY = "libc++";
				CLANG_ENABLE_MODULES = YES;
				CLANG_ENABLE_OBJC_ARC = YES;
				CLANG_WARN_BOOL_CONVERSION = YES;
				CLANG_WARN_CONSTANT_CONVERSION = YES;
				CLANG_WARN_DIRECT_OBJC_ISA_USAGE = YES_ERROR;
				CLANG_WARN_EMPTY_BODY = YES;
				CLANG_WARN_ENUM_CONVERSION = YES;
				CLANG_WARN_INT_CONVERSION = YES;
				CLANG_WARN_OBJC_ROOT_CLASS = YES_ERROR;
				CLANG_WARN_UNREACHABLE_CODE = YES;
				CLANG_WARN__DUPLICATE_METHOD_MATCH = YES;
				CODE_SIGN_IDENTITY = "-";
				COPY_PHASE_STRIP = NO;
				DEBUG_INFORMATION_FORMAT = "dwarf-with-dsym";
				ENABLE_NS_ASSERTIONS = NO;
				ENABLE_STRICT_OBJC_MSGSEND = YES;
				GCC_C_LANGUAGE_STANDARD = gnu99;
				GCC_NO_COMMON_BLOCKS = YES;
				GCC_WARN_64_TO_32_BIT_CONVERSION = YES;
				GCC_WARN_ABOUT_RETURN_TYPE = YES_ERROR;
				GCC_WARN_UNDECLARED_SELECTOR = YES;
				GCC_WARN_UNINITIALIZED_AUTOS = YES_AGGRESSIVE;
				GCC_WARN_UNUSED_FUNCTION = YES;
				GCC_WARN_UNUSED_VARIABLE = YES;
				MACOSX_DEPLOYMENT_TARGET = 10.11;
				MTL_ENABLE_DEBUG_INFO = NO;
				SDKROOT = macosx;
			};
			name = Release;
		};
		BB2EA8EC1C25DDD70031B6A0 /* Debug */ = {
			isa = XCBuildConfiguration;
			buildSettings = {
				PRODUCT_NAME = "$(TARGET_NAME)";
			};
			name = Debug;
		};
		BB2EA8ED1C25DDD70031B6A0 /* Release */ = {
			isa = XCBuildConfiguration;
			buildSettings = {
				PRODUCT_NAME = "$(TARGET_NAME)";
			};
			name = Release;
		};
/* End XCBuildConfiguration section */

/* Begin XCConfigurationList section */
		BB2EA8DF1C25DDD70031B6A0 /* Build configuration list for PBXProject "Cmd" */ = {
			isa = XCConfigurationList;
			buildConfigurations = (
				BB2EA8E91C25DDD70031B6A0 /* Debug */,
				BB2EA8EA1C25DDD70031B6A0 /* Release */,
			);
			defaultConfigurationIsVisible = 0;
			defaultConfigurationName = Release;
		};
		BB2EA8EB1C25DDD70031B6A0 /* Build configuration list for PBXNativeTarget "Cmd" */ = {
			isa = XCConfigurationList;
			buildConfigurations = (
				BB2EA8EC1C25DDD70031B6A0 /* Debug */,
				BB2EA8ED1C25DDD70031B6A0 /* Release */,
			);
			defaultConfigurationIsVisible = 0;
			defaultConfigurationName = Release;
		};
/* End XCConfigurationList section */
	};
	rootObject = BB2EA8DC1C25DDD70031B6A0 /* Project object */;
}
